// !$*UTF8*$!
{
	archiveVersion = 1;
	classes = {
	};
	objectVersion = 56;
	objects = {

/* Begin PBXBuildFile section */
		361127592A4E562600C81B1D /* AppDelegate.swift in Sources */ = {isa = PBXBuildFile; fileRef = 361127582A4E562600C81B1D /* AppDelegate.swift */; };
		3611275D2A4E562600C81B1D /* ViewController.swift in Sources */ = {isa = PBXBuildFile; fileRef = 3611275C2A4E562600C81B1D /* ViewController.swift */; };
		361127602A4E562600C81B1D /* Main.storyboard in Resources */ = {isa = PBXBuildFile; fileRef = 3611275E2A4E562600C81B1D /* Main.storyboard */; };
		361127622A4E562700C81B1D /* Assets.xcassets in Resources */ = {isa = PBXBuildFile; fileRef = 361127612A4E562700C81B1D /* Assets.xcassets */; };
		361127652A4E562700C81B1D /* LaunchScreen.storyboard in Resources */ = {isa = PBXBuildFile; fileRef = 361127632A4E562700C81B1D /* LaunchScreen.storyboard */; };
		361127702A4E562700C81B1D /* GymTimerTests.swift in Sources */ = {isa = PBXBuildFile; fileRef = 3611276F2A4E562700C81B1D /* GymTimerTests.swift */; };
		3611277A2A4E562700C81B1D /* GymTimerUITests.swift in Sources */ = {isa = PBXBuildFile; fileRef = 361127792A4E562700C81B1D /* GymTimerUITests.swift */; };
		3611277C2A4E562700C81B1D /* GymTimerUITestsLaunchTests.swift in Sources */ = {isa = PBXBuildFile; fileRef = 3611277B2A4E562700C81B1D /* GymTimerUITestsLaunchTests.swift */; };
		361127892A4E5C9E00C81B1D /* SettingViewController.swift in Sources */ = {isa = PBXBuildFile; fileRef = 361127882A4E5C9E00C81B1D /* SettingViewController.swift */; };
		3611278D2A4E5CBD00C81B1D /* HistoryCellRowModel.swift in Sources */ = {isa = PBXBuildFile; fileRef = 3611278C2A4E5CBD00C81B1D /* HistoryCellRowModel.swift */; };
		3611278F2A4E5DAC00C81B1D /* HistoryCell.xib in Resources */ = {isa = PBXBuildFile; fileRef = 3611278E2A4E5DAC00C81B1D /* HistoryCell.xib */; };
		361127912A4E805300C81B1D /* TrainingHistoryModel.swift in Sources */ = {isa = PBXBuildFile; fileRef = 361127902A4E805300C81B1D /* TrainingHistoryModel.swift */; };
		3611279C2A4E819900C81B1D /* Extension.swift in Sources */ = {isa = PBXBuildFile; fileRef = 361127962A4E819900C81B1D /* Extension.swift */; };
		3611279D2A4E819900C81B1D /* IAPCenter.swift in Sources */ = {isa = PBXBuildFile; fileRef = 361127972A4E819900C81B1D /* IAPCenter.swift */; };
		3611279E2A4E819900C81B1D /* VersionCheckCenter.swift in Sources */ = {isa = PBXBuildFile; fileRef = 361127982A4E819900C81B1D /* VersionCheckCenter.swift */; };
		3611279F2A4E819900C81B1D /* KeyboardHelper.swift in Sources */ = {isa = PBXBuildFile; fileRef = 361127992A4E819900C81B1D /* KeyboardHelper.swift */; };
		361127A02A4E819900C81B1D /* JBJson.swift in Sources */ = {isa = PBXBuildFile; fileRef = 3611279A2A4E819900C81B1D /* JBJson.swift */; };
		361127A52A4E81B200C81B1D /* CellProtocol.swift in Sources */ = {isa = PBXBuildFile; fileRef = 361127A22A4E81B200C81B1D /* CellProtocol.swift */; };
		361127A62A4E81B200C81B1D /* BaseTableViewController.swift in Sources */ = {isa = PBXBuildFile; fileRef = 361127A32A4E81B200C81B1D /* BaseTableViewController.swift */; };
		361127A72A4E81B200C81B1D /* TableViewAdapter.swift in Sources */ = {isa = PBXBuildFile; fileRef = 361127A42A4E81B200C81B1D /* TableViewAdapter.swift */; };
		361127AA2A4E81B800C81B1D /* BaseCollectionViewController.swift in Sources */ = {isa = PBXBuildFile; fileRef = 361127A82A4E81B800C81B1D /* BaseCollectionViewController.swift */; };
		361127AB2A4E81B800C81B1D /* CollectionViewAdapter.swift in Sources */ = {isa = PBXBuildFile; fileRef = 361127A92A4E81B800C81B1D /* CollectionViewAdapter.swift */; };
		361127AD2A4E81BD00C81B1D /* BaseViewController.swift in Sources */ = {isa = PBXBuildFile; fileRef = 361127AC2A4E81BD00C81B1D /* BaseViewController.swift */; };
		361127AF2A4E826000C81B1D /* APIService.swift in Sources */ = {isa = PBXBuildFile; fileRef = 361127AE2A4E826000C81B1D /* APIService.swift */; };
		361127B12A4E828300C81B1D /* CodeModel.swift in Sources */ = {isa = PBXBuildFile; fileRef = 361127B02A4E828300C81B1D /* CodeModel.swift */; };
		361127B52A4E84F500C81B1D /* IAPModel.swift in Sources */ = {isa = PBXBuildFile; fileRef = 361127B42A4E84F500C81B1D /* IAPModel.swift */; };
		361127B82A4E869600C81B1D /* StackBottomBarView.swift in Sources */ = {isa = PBXBuildFile; fileRef = 361127B62A4E869600C81B1D /* StackBottomBarView.swift */; };
		361127B92A4E869600C81B1D /* SwiftButton.swift in Sources */ = {isa = PBXBuildFile; fileRef = 361127B72A4E869600C81B1D /* SwiftButton.swift */; };
		361127BB2A4E9BEC00C81B1D /* Next.mp3 in Resources */ = {isa = PBXBuildFile; fileRef = 361127BA2A4E9BEC00C81B1D /* Next.mp3 */; };
		361127BE2A4EC92800C81B1D /* SettingCell.swift in Sources */ = {isa = PBXBuildFile; fileRef = 361127BC2A4EC92800C81B1D /* SettingCell.swift */; };
		361127BF2A4EC92800C81B1D /* SettingCell.xib in Resources */ = {isa = PBXBuildFile; fileRef = 361127BD2A4EC92800C81B1D /* SettingCell.xib */; };
		361127C32A4EC9D600C81B1D /* UserInfoCenter.swift in Sources */ = {isa = PBXBuildFile; fileRef = 361127C22A4EC9D600C81B1D /* UserInfoCenter.swift */; };
		361127C62A4ED2DE00C81B1D /* StoreKit.framework in Frameworks */ = {isa = PBXBuildFile; fileRef = 361127C52A4ED2DE00C81B1D /* StoreKit.framework */; };
/* End PBXBuildFile section */

/* Begin PBXContainerItemProxy section */
		3611276C2A4E562700C81B1D /* PBXContainerItemProxy */ = {
			isa = PBXContainerItemProxy;
			containerPortal = 3611274D2A4E562600C81B1D /* Project object */;
			proxyType = 1;
			remoteGlobalIDString = 361127542A4E562600C81B1D;
			remoteInfo = GymTimer;
		};
		361127762A4E562700C81B1D /* PBXContainerItemProxy */ = {
			isa = PBXContainerItemProxy;
			containerPortal = 3611274D2A4E562600C81B1D /* Project object */;
			proxyType = 1;
			remoteGlobalIDString = 361127542A4E562600C81B1D;
			remoteInfo = GymTimer;
		};
/* End PBXContainerItemProxy section */

/* Begin PBXFileReference section */
		361127552A4E562600C81B1D /* GymTimer.app */ = {isa = PBXFileReference; explicitFileType = wrapper.application; includeInIndex = 0; path = GymTimer.app; sourceTree = BUILT_PRODUCTS_DIR; };
		361127582A4E562600C81B1D /* AppDelegate.swift */ = {isa = PBXFileReference; lastKnownFileType = sourcecode.swift; path = AppDelegate.swift; sourceTree = "<group>"; };
		3611275C2A4E562600C81B1D /* ViewController.swift */ = {isa = PBXFileReference; lastKnownFileType = sourcecode.swift; path = ViewController.swift; sourceTree = "<group>"; };
		3611275F2A4E562600C81B1D /* Base */ = {isa = PBXFileReference; lastKnownFileType = file.storyboard; name = Base; path = Base.lproj/Main.storyboard; sourceTree = "<group>"; };
		361127612A4E562700C81B1D /* Assets.xcassets */ = {isa = PBXFileReference; lastKnownFileType = folder.assetcatalog; path = Assets.xcassets; sourceTree = "<group>"; };
		361127642A4E562700C81B1D /* Base */ = {isa = PBXFileReference; lastKnownFileType = file.storyboard; name = Base; path = Base.lproj/LaunchScreen.storyboard; sourceTree = "<group>"; };
		361127662A4E562700C81B1D /* Info.plist */ = {isa = PBXFileReference; lastKnownFileType = text.plist.xml; path = Info.plist; sourceTree = "<group>"; };
		3611276B2A4E562700C81B1D /* GymTimerTests.xctest */ = {isa = PBXFileReference; explicitFileType = wrapper.cfbundle; includeInIndex = 0; path = GymTimerTests.xctest; sourceTree = BUILT_PRODUCTS_DIR; };
		3611276F2A4E562700C81B1D /* GymTimerTests.swift */ = {isa = PBXFileReference; lastKnownFileType = sourcecode.swift; path = GymTimerTests.swift; sourceTree = "<group>"; };
		361127752A4E562700C81B1D /* GymTimerUITests.xctest */ = {isa = PBXFileReference; explicitFileType = wrapper.cfbundle; includeInIndex = 0; path = GymTimerUITests.xctest; sourceTree = BUILT_PRODUCTS_DIR; };
		361127792A4E562700C81B1D /* GymTimerUITests.swift */ = {isa = PBXFileReference; lastKnownFileType = sourcecode.swift; path = GymTimerUITests.swift; sourceTree = "<group>"; };
		3611277B2A4E562700C81B1D /* GymTimerUITestsLaunchTests.swift */ = {isa = PBXFileReference; lastKnownFileType = sourcecode.swift; path = GymTimerUITestsLaunchTests.swift; sourceTree = "<group>"; };
		361127882A4E5C9E00C81B1D /* SettingViewController.swift */ = {isa = PBXFileReference; lastKnownFileType = sourcecode.swift; path = SettingViewController.swift; sourceTree = "<group>"; };
		3611278C2A4E5CBD00C81B1D /* HistoryCellRowModel.swift */ = {isa = PBXFileReference; lastKnownFileType = sourcecode.swift; path = HistoryCellRowModel.swift; sourceTree = "<group>"; };
		3611278E2A4E5DAC00C81B1D /* HistoryCell.xib */ = {isa = PBXFileReference; lastKnownFileType = file.xib; path = HistoryCell.xib; sourceTree = "<group>"; };
		361127902A4E805300C81B1D /* TrainingHistoryModel.swift */ = {isa = PBXFileReference; lastKnownFileType = sourcecode.swift; path = TrainingHistoryModel.swift; sourceTree = "<group>"; };
		361127962A4E819900C81B1D /* Extension.swift */ = {isa = PBXFileReference; fileEncoding = 4; lastKnownFileType = sourcecode.swift; path = Extension.swift; sourceTree = "<group>"; };
		361127972A4E819900C81B1D /* IAPCenter.swift */ = {isa = PBXFileReference; fileEncoding = 4; lastKnownFileType = sourcecode.swift; path = IAPCenter.swift; sourceTree = "<group>"; };
		361127982A4E819900C81B1D /* VersionCheckCenter.swift */ = {isa = PBXFileReference; fileEncoding = 4; lastKnownFileType = sourcecode.swift; path = VersionCheckCenter.swift; sourceTree = "<group>"; };
		361127992A4E819900C81B1D /* KeyboardHelper.swift */ = {isa = PBXFileReference; fileEncoding = 4; lastKnownFileType = sourcecode.swift; path = KeyboardHelper.swift; sourceTree = "<group>"; };
		3611279A2A4E819900C81B1D /* JBJson.swift */ = {isa = PBXFileReference; fileEncoding = 4; lastKnownFileType = sourcecode.swift; path = JBJson.swift; sourceTree = "<group>"; };
		361127A22A4E81B200C81B1D /* CellProtocol.swift */ = {isa = PBXFileReference; fileEncoding = 4; lastKnownFileType = sourcecode.swift; path = CellProtocol.swift; sourceTree = "<group>"; };
		361127A32A4E81B200C81B1D /* BaseTableViewController.swift */ = {isa = PBXFileReference; fileEncoding = 4; lastKnownFileType = sourcecode.swift; path = BaseTableViewController.swift; sourceTree = "<group>"; };
		361127A42A4E81B200C81B1D /* TableViewAdapter.swift */ = {isa = PBXFileReference; fileEncoding = 4; lastKnownFileType = sourcecode.swift; path = TableViewAdapter.swift; sourceTree = "<group>"; };
		361127A82A4E81B800C81B1D /* BaseCollectionViewController.swift */ = {isa = PBXFileReference; fileEncoding = 4; lastKnownFileType = sourcecode.swift; path = BaseCollectionViewController.swift; sourceTree = "<group>"; };
		361127A92A4E81B800C81B1D /* CollectionViewAdapter.swift */ = {isa = PBXFileReference; fileEncoding = 4; lastKnownFileType = sourcecode.swift; path = CollectionViewAdapter.swift; sourceTree = "<group>"; };
		361127AC2A4E81BD00C81B1D /* BaseViewController.swift */ = {isa = PBXFileReference; fileEncoding = 4; lastKnownFileType = sourcecode.swift; path = BaseViewController.swift; sourceTree = "<group>"; };
		361127AE2A4E826000C81B1D /* APIService.swift */ = {isa = PBXFileReference; fileEncoding = 4; lastKnownFileType = sourcecode.swift; path = APIService.swift; sourceTree = "<group>"; };
		361127B02A4E828300C81B1D /* CodeModel.swift */ = {isa = PBXFileReference; fileEncoding = 4; lastKnownFileType = sourcecode.swift; path = CodeModel.swift; sourceTree = "<group>"; };
		361127B42A4E84F500C81B1D /* IAPModel.swift */ = {isa = PBXFileReference; fileEncoding = 4; lastKnownFileType = sourcecode.swift; path = IAPModel.swift; sourceTree = "<group>"; };
		361127B62A4E869600C81B1D /* StackBottomBarView.swift */ = {isa = PBXFileReference; fileEncoding = 4; lastKnownFileType = sourcecode.swift; path = StackBottomBarView.swift; sourceTree = "<group>"; };
		361127B72A4E869600C81B1D /* SwiftButton.swift */ = {isa = PBXFileReference; fileEncoding = 4; lastKnownFileType = sourcecode.swift; path = SwiftButton.swift; sourceTree = "<group>"; };
		361127BA2A4E9BEC00C81B1D /* Next.mp3 */ = {isa = PBXFileReference; lastKnownFileType = audio.mp3; path = Next.mp3; sourceTree = "<group>"; };
		361127BC2A4EC92800C81B1D /* SettingCell.swift */ = {isa = PBXFileReference; fileEncoding = 4; lastKnownFileType = sourcecode.swift; path = SettingCell.swift; sourceTree = "<group>"; };
		361127BD2A4EC92800C81B1D /* SettingCell.xib */ = {isa = PBXFileReference; fileEncoding = 4; lastKnownFileType = file.xib; path = SettingCell.xib; sourceTree = "<group>"; };
		361127C22A4EC9D600C81B1D /* UserInfoCenter.swift */ = {isa = PBXFileReference; fileEncoding = 4; lastKnownFileType = sourcecode.swift; path = UserInfoCenter.swift; sourceTree = "<group>"; };
		361127C52A4ED2DE00C81B1D /* StoreKit.framework */ = {isa = PBXFileReference; lastKnownFileType = wrapper.framework; name = StoreKit.framework; path = System/Library/Frameworks/StoreKit.framework; sourceTree = SDKROOT; };
/* End PBXFileReference section */

/* Begin PBXFrameworksBuildPhase section */
		361127522A4E562600C81B1D /* Frameworks */ = {
			isa = PBXFrameworksBuildPhase;
			buildActionMask = 2147483647;
			files = (
				361127C62A4ED2DE00C81B1D /* StoreKit.framework in Frameworks */,
			);
			runOnlyForDeploymentPostprocessing = 0;
		};
		361127682A4E562700C81B1D /* Frameworks */ = {
			isa = PBXFrameworksBuildPhase;
			buildActionMask = 2147483647;
			files = (
			);
			runOnlyForDeploymentPostprocessing = 0;
		};
		361127722A4E562700C81B1D /* Frameworks */ = {
			isa = PBXFrameworksBuildPhase;
			buildActionMask = 2147483647;
			files = (
			);
			runOnlyForDeploymentPostprocessing = 0;
		};
/* End PBXFrameworksBuildPhase section */

/* Begin PBXGroup section */
		3611274C2A4E562600C81B1D = {
			isa = PBXGroup;
			children = (
				361127572A4E562600C81B1D /* GymTimer */,
				3611276E2A4E562700C81B1D /* GymTimerTests */,
				361127782A4E562700C81B1D /* GymTimerUITests */,
				361127562A4E562600C81B1D /* Products */,
				361127C42A4ED2DE00C81B1D /* Frameworks */,
			);
			sourceTree = "<group>";
		};
		361127562A4E562600C81B1D /* Products */ = {
			isa = PBXGroup;
			children = (
				361127552A4E562600C81B1D /* GymTimer.app */,
				3611276B2A4E562700C81B1D /* GymTimerTests.xctest */,
				361127752A4E562700C81B1D /* GymTimerUITests.xctest */,
			);
			name = Products;
			sourceTree = "<group>";
		};
		361127572A4E562600C81B1D /* GymTimer */ = {
			isa = PBXGroup;
			children = (
				361127582A4E562600C81B1D /* AppDelegate.swift */,
				361127BA2A4E9BEC00C81B1D /* Next.mp3 */,
				361127952A4E818800C81B1D /* Base */,
				361127942A4E810700C81B1D /* Cells */,
				361127932A4E80FA00C81B1D /* ViewController */,
				361127922A4E80E900C81B1D /* Model */,
				3611275E2A4E562600C81B1D /* Main.storyboard */,
				361127612A4E562700C81B1D /* Assets.xcassets */,
				361127632A4E562700C81B1D /* LaunchScreen.storyboard */,
				361127662A4E562700C81B1D /* Info.plist */,
			);
			path = GymTimer;
			sourceTree = "<group>";
		};
		3611276E2A4E562700C81B1D /* GymTimerTests */ = {
			isa = PBXGroup;
			children = (
				3611276F2A4E562700C81B1D /* GymTimerTests.swift */,
			);
			path = GymTimerTests;
			sourceTree = "<group>";
		};
		361127782A4E562700C81B1D /* GymTimerUITests */ = {
			isa = PBXGroup;
			children = (
				361127792A4E562700C81B1D /* GymTimerUITests.swift */,
				3611277B2A4E562700C81B1D /* GymTimerUITestsLaunchTests.swift */,
			);
			path = GymTimerUITests;
			sourceTree = "<group>";
		};
		361127922A4E80E900C81B1D /* Model */ = {
			isa = PBXGroup;
			children = (
				361127902A4E805300C81B1D /* TrainingHistoryModel.swift */,
				361127B02A4E828300C81B1D /* CodeModel.swift */,
			);
			path = Model;
			sourceTree = "<group>";
		};
		361127932A4E80FA00C81B1D /* ViewController */ = {
			isa = PBXGroup;
			children = (
				3611275C2A4E562600C81B1D /* ViewController.swift */,
				361127882A4E5C9E00C81B1D /* SettingViewController.swift */,
			);
			path = ViewController;
			sourceTree = "<group>";
		};
		361127942A4E810700C81B1D /* Cells */ = {
			isa = PBXGroup;
			children = (
				361127BC2A4EC92800C81B1D /* SettingCell.swift */,
				361127BD2A4EC92800C81B1D /* SettingCell.xib */,
				3611278C2A4E5CBD00C81B1D /* HistoryCellRowModel.swift */,
				3611278E2A4E5DAC00C81B1D /* HistoryCell.xib */,
			);
			path = Cells;
			sourceTree = "<group>";
		};
		361127952A4E818800C81B1D /* Base */ = {
			isa = PBXGroup;
			children = (
				361127C22A4EC9D600C81B1D /* UserInfoCenter.swift */,
				361127B62A4E869600C81B1D /* StackBottomBarView.swift */,
				361127B72A4E869600C81B1D /* SwiftButton.swift */,
				361127B42A4E84F500C81B1D /* IAPModel.swift */,
				361127AE2A4E826000C81B1D /* APIService.swift */,
				361127AC2A4E81BD00C81B1D /* BaseViewController.swift */,
				361127A82A4E81B800C81B1D /* BaseCollectionViewController.swift */,
				361127A92A4E81B800C81B1D /* CollectionViewAdapter.swift */,
				361127A32A4E81B200C81B1D /* BaseTableViewController.swift */,
				361127A22A4E81B200C81B1D /* CellProtocol.swift */,
				361127A42A4E81B200C81B1D /* TableViewAdapter.swift */,
				361127962A4E819900C81B1D /* Extension.swift */,
				361127972A4E819900C81B1D /* IAPCenter.swift */,
				3611279A2A4E819900C81B1D /* JBJson.swift */,
				361127992A4E819900C81B1D /* KeyboardHelper.swift */,
				361127982A4E819900C81B1D /* VersionCheckCenter.swift */,
			);
			path = Base;
			sourceTree = "<group>";
		};
		361127C42A4ED2DE00C81B1D /* Frameworks */ = {
			isa = PBXGroup;
			children = (
				361127C52A4ED2DE00C81B1D /* StoreKit.framework */,
			);
			name = Frameworks;
			sourceTree = "<group>";
		};
/* End PBXGroup section */

/* Begin PBXNativeTarget section */
		361127542A4E562600C81B1D /* GymTimer */ = {
			isa = PBXNativeTarget;
			buildConfigurationList = 3611277F2A4E562700C81B1D /* Build configuration list for PBXNativeTarget "GymTimer" */;
			buildPhases = (
				361127512A4E562600C81B1D /* Sources */,
				361127522A4E562600C81B1D /* Frameworks */,
				361127532A4E562600C81B1D /* Resources */,
			);
			buildRules = (
			);
			dependencies = (
			);
			name = GymTimer;
			productName = GymTimer;
			productReference = 361127552A4E562600C81B1D /* GymTimer.app */;
			productType = "com.apple.product-type.application";
		};
		3611276A2A4E562700C81B1D /* GymTimerTests */ = {
			isa = PBXNativeTarget;
			buildConfigurationList = 361127822A4E562700C81B1D /* Build configuration list for PBXNativeTarget "GymTimerTests" */;
			buildPhases = (
				361127672A4E562700C81B1D /* Sources */,
				361127682A4E562700C81B1D /* Frameworks */,
				361127692A4E562700C81B1D /* Resources */,
			);
			buildRules = (
			);
			dependencies = (
				3611276D2A4E562700C81B1D /* PBXTargetDependency */,
			);
			name = GymTimerTests;
			productName = GymTimerTests;
			productReference = 3611276B2A4E562700C81B1D /* GymTimerTests.xctest */;
			productType = "com.apple.product-type.bundle.unit-test";
		};
		361127742A4E562700C81B1D /* GymTimerUITests */ = {
			isa = PBXNativeTarget;
			buildConfigurationList = 361127852A4E562700C81B1D /* Build configuration list for PBXNativeTarget "GymTimerUITests" */;
			buildPhases = (
				361127712A4E562700C81B1D /* Sources */,
				361127722A4E562700C81B1D /* Frameworks */,
				361127732A4E562700C81B1D /* Resources */,
			);
			buildRules = (
			);
			dependencies = (
				361127772A4E562700C81B1D /* PBXTargetDependency */,
			);
			name = GymTimerUITests;
			productName = GymTimerUITests;
			productReference = 361127752A4E562700C81B1D /* GymTimerUITests.xctest */;
			productType = "com.apple.product-type.bundle.ui-testing";
		};
/* End PBXNativeTarget section */

/* Begin PBXProject section */
		3611274D2A4E562600C81B1D /* Project object */ = {
			isa = PBXProject;
			attributes = {
				BuildIndependentTargetsInParallel = 1;
				LastSwiftUpdateCheck = 1430;
				LastUpgradeCheck = 1430;
				TargetAttributes = {
					361127542A4E562600C81B1D = {
						CreatedOnToolsVersion = 14.3.1;
					};
					3611276A2A4E562700C81B1D = {
						CreatedOnToolsVersion = 14.3.1;
						TestTargetID = 361127542A4E562600C81B1D;
					};
					361127742A4E562700C81B1D = {
						CreatedOnToolsVersion = 14.3.1;
						TestTargetID = 361127542A4E562600C81B1D;
					};
				};
			};
			buildConfigurationList = 361127502A4E562600C81B1D /* Build configuration list for PBXProject "GymTimer" */;
			compatibilityVersion = "Xcode 14.0";
			developmentRegion = en;
			hasScannedForEncodings = 0;
			knownRegions = (
				en,
				Base,
			);
			mainGroup = 3611274C2A4E562600C81B1D;
			productRefGroup = 361127562A4E562600C81B1D /* Products */;
			projectDirPath = "";
			projectRoot = "";
			targets = (
				361127542A4E562600C81B1D /* GymTimer */,
				3611276A2A4E562700C81B1D /* GymTimerTests */,
				361127742A4E562700C81B1D /* GymTimerUITests */,
			);
		};
/* End PBXProject section */

/* Begin PBXResourcesBuildPhase section */
		361127532A4E562600C81B1D /* Resources */ = {
			isa = PBXResourcesBuildPhase;
			buildActionMask = 2147483647;
			files = (
				361127652A4E562700C81B1D /* LaunchScreen.storyboard in Resources */,
				361127622A4E562700C81B1D /* Assets.xcassets in Resources */,
				361127BB2A4E9BEC00C81B1D /* Next.mp3 in Resources */,
				3611278F2A4E5DAC00C81B1D /* HistoryCell.xib in Resources */,
				361127BF2A4EC92800C81B1D /* SettingCell.xib in Resources */,
				361127602A4E562600C81B1D /* Main.storyboard in Resources */,
			);
			runOnlyForDeploymentPostprocessing = 0;
		};
		361127692A4E562700C81B1D /* Resources */ = {
			isa = PBXResourcesBuildPhase;
			buildActionMask = 2147483647;
			files = (
			);
			runOnlyForDeploymentPostprocessing = 0;
		};
		361127732A4E562700C81B1D /* Resources */ = {
			isa = PBXResourcesBuildPhase;
			buildActionMask = 2147483647;
			files = (
			);
			runOnlyForDeploymentPostprocessing = 0;
		};
/* End PBXResourcesBuildPhase section */

/* Begin PBXSourcesBuildPhase section */
		361127512A4E562600C81B1D /* Sources */ = {
			isa = PBXSourcesBuildPhase;
			buildActionMask = 2147483647;
			files = (
				3611279E2A4E819900C81B1D /* VersionCheckCenter.swift in Sources */,
				3611279D2A4E819900C81B1D /* IAPCenter.swift in Sources */,
				3611275D2A4E562600C81B1D /* ViewController.swift in Sources */,
				361127A52A4E81B200C81B1D /* CellProtocol.swift in Sources */,
				361127AD2A4E81BD00C81B1D /* BaseViewController.swift in Sources */,
				361127C32A4EC9D600C81B1D /* UserInfoCenter.swift in Sources */,
				361127B92A4E869600C81B1D /* SwiftButton.swift in Sources */,
				361127592A4E562600C81B1D /* AppDelegate.swift in Sources */,
				361127AF2A4E826000C81B1D /* APIService.swift in Sources */,
				361127A72A4E81B200C81B1D /* TableViewAdapter.swift in Sources */,
				361127B52A4E84F500C81B1D /* IAPModel.swift in Sources */,
				361127AA2A4E81B800C81B1D /* BaseCollectionViewController.swift in Sources */,
				3611279F2A4E819900C81B1D /* KeyboardHelper.swift in Sources */,
				361127912A4E805300C81B1D /* TrainingHistoryModel.swift in Sources */,
				3611278D2A4E5CBD00C81B1D /* HistoryCellRowModel.swift in Sources */,
				361127AB2A4E81B800C81B1D /* CollectionViewAdapter.swift in Sources */,
				361127BE2A4EC92800C81B1D /* SettingCell.swift in Sources */,
				361127B12A4E828300C81B1D /* CodeModel.swift in Sources */,
				361127A02A4E819900C81B1D /* JBJson.swift in Sources */,
				361127A62A4E81B200C81B1D /* BaseTableViewController.swift in Sources */,
				361127892A4E5C9E00C81B1D /* SettingViewController.swift in Sources */,
				361127B82A4E869600C81B1D /* StackBottomBarView.swift in Sources */,
				3611279C2A4E819900C81B1D /* Extension.swift in Sources */,
			);
			runOnlyForDeploymentPostprocessing = 0;
		};
		361127672A4E562700C81B1D /* Sources */ = {
			isa = PBXSourcesBuildPhase;
			buildActionMask = 2147483647;
			files = (
				361127702A4E562700C81B1D /* GymTimerTests.swift in Sources */,
			);
			runOnlyForDeploymentPostprocessing = 0;
		};
		361127712A4E562700C81B1D /* Sources */ = {
			isa = PBXSourcesBuildPhase;
			buildActionMask = 2147483647;
			files = (
				3611277C2A4E562700C81B1D /* GymTimerUITestsLaunchTests.swift in Sources */,
				3611277A2A4E562700C81B1D /* GymTimerUITests.swift in Sources */,
			);
			runOnlyForDeploymentPostprocessing = 0;
		};
/* End PBXSourcesBuildPhase section */

/* Begin PBXTargetDependency section */
		3611276D2A4E562700C81B1D /* PBXTargetDependency */ = {
			isa = PBXTargetDependency;
			target = 361127542A4E562600C81B1D /* GymTimer */;
			targetProxy = 3611276C2A4E562700C81B1D /* PBXContainerItemProxy */;
		};
		361127772A4E562700C81B1D /* PBXTargetDependency */ = {
			isa = PBXTargetDependency;
			target = 361127542A4E562600C81B1D /* GymTimer */;
			targetProxy = 361127762A4E562700C81B1D /* PBXContainerItemProxy */;
		};
/* End PBXTargetDependency section */

/* Begin PBXVariantGroup section */
		3611275E2A4E562600C81B1D /* Main.storyboard */ = {
			isa = PBXVariantGroup;
			children = (
				3611275F2A4E562600C81B1D /* Base */,
			);
			name = Main.storyboard;
			sourceTree = "<group>";
		};
		361127632A4E562700C81B1D /* LaunchScreen.storyboard */ = {
			isa = PBXVariantGroup;
			children = (
				361127642A4E562700C81B1D /* Base */,
			);
			name = LaunchScreen.storyboard;
			sourceTree = "<group>";
		};
/* End PBXVariantGroup section */

/* Begin XCBuildConfiguration section */
		3611277D2A4E562700C81B1D /* Debug */ = {
			isa = XCBuildConfiguration;
			buildSettings = {
				ALWAYS_SEARCH_USER_PATHS = NO;
				CLANG_ANALYZER_NONNULL = YES;
				CLANG_ANALYZER_NUMBER_OBJECT_CONVERSION = YES_AGGRESSIVE;
				CLANG_CXX_LANGUAGE_STANDARD = "gnu++20";
				CLANG_ENABLE_MODULES = YES;
				CLANG_ENABLE_OBJC_ARC = YES;
				CLANG_ENABLE_OBJC_WEAK = YES;
				CLANG_WARN_BLOCK_CAPTURE_AUTORELEASING = YES;
				CLANG_WARN_BOOL_CONVERSION = YES;
				CLANG_WARN_COMMA = YES;
				CLANG_WARN_CONSTANT_CONVERSION = YES;
				CLANG_WARN_DEPRECATED_OBJC_IMPLEMENTATIONS = YES;
				CLANG_WARN_DIRECT_OBJC_ISA_USAGE = YES_ERROR;
				CLANG_WARN_DOCUMENTATION_COMMENTS = YES;
				CLANG_WARN_EMPTY_BODY = YES;
				CLANG_WARN_ENUM_CONVERSION = YES;
				CLANG_WARN_INFINITE_RECURSION = YES;
				CLANG_WARN_INT_CONVERSION = YES;
				CLANG_WARN_NON_LITERAL_NULL_CONVERSION = YES;
				CLANG_WARN_OBJC_IMPLICIT_RETAIN_SELF = YES;
				CLANG_WARN_OBJC_LITERAL_CONVERSION = YES;
				CLANG_WARN_OBJC_ROOT_CLASS = YES_ERROR;
				CLANG_WARN_QUOTED_INCLUDE_IN_FRAMEWORK_HEADER = YES;
				CLANG_WARN_RANGE_LOOP_ANALYSIS = YES;
				CLANG_WARN_STRICT_PROTOTYPES = YES;
				CLANG_WARN_SUSPICIOUS_MOVE = YES;
				CLANG_WARN_UNGUARDED_AVAILABILITY = YES_AGGRESSIVE;
				CLANG_WARN_UNREACHABLE_CODE = YES;
				CLANG_WARN__DUPLICATE_METHOD_MATCH = YES;
				COPY_PHASE_STRIP = NO;
				DEBUG_INFORMATION_FORMAT = dwarf;
				ENABLE_STRICT_OBJC_MSGSEND = YES;
				ENABLE_TESTABILITY = YES;
				GCC_C_LANGUAGE_STANDARD = gnu11;
				GCC_DYNAMIC_NO_PIC = NO;
				GCC_NO_COMMON_BLOCKS = YES;
				GCC_OPTIMIZATION_LEVEL = 0;
				GCC_PREPROCESSOR_DEFINITIONS = (
					"DEBUG=1",
					"$(inherited)",
				);
				GCC_WARN_64_TO_32_BIT_CONVERSION = YES;
				GCC_WARN_ABOUT_RETURN_TYPE = YES_ERROR;
				GCC_WARN_UNDECLARED_SELECTOR = YES;
				GCC_WARN_UNINITIALIZED_AUTOS = YES_AGGRESSIVE;
				GCC_WARN_UNUSED_FUNCTION = YES;
				GCC_WARN_UNUSED_VARIABLE = YES;
				IPHONEOS_DEPLOYMENT_TARGET = 16.4;
				MTL_ENABLE_DEBUG_INFO = INCLUDE_SOURCE;
				MTL_FAST_MATH = YES;
				ONLY_ACTIVE_ARCH = YES;
				SDKROOT = iphoneos;
				SWIFT_ACTIVE_COMPILATION_CONDITIONS = DEBUG;
				SWIFT_OPTIMIZATION_LEVEL = "-Onone";
			};
			name = Debug;
		};
		3611277E2A4E562700C81B1D /* Release */ = {
			isa = XCBuildConfiguration;
			buildSettings = {
				ALWAYS_SEARCH_USER_PATHS = NO;
				CLANG_ANALYZER_NONNULL = YES;
				CLANG_ANALYZER_NUMBER_OBJECT_CONVERSION = YES_AGGRESSIVE;
				CLANG_CXX_LANGUAGE_STANDARD = "gnu++20";
				CLANG_ENABLE_MODULES = YES;
				CLANG_ENABLE_OBJC_ARC = YES;
				CLANG_ENABLE_OBJC_WEAK = YES;
				CLANG_WARN_BLOCK_CAPTURE_AUTORELEASING = YES;
				CLANG_WARN_BOOL_CONVERSION = YES;
				CLANG_WARN_COMMA = YES;
				CLANG_WARN_CONSTANT_CONVERSION = YES;
				CLANG_WARN_DEPRECATED_OBJC_IMPLEMENTATIONS = YES;
				CLANG_WARN_DIRECT_OBJC_ISA_USAGE = YES_ERROR;
				CLANG_WARN_DOCUMENTATION_COMMENTS = YES;
				CLANG_WARN_EMPTY_BODY = YES;
				CLANG_WARN_ENUM_CONVERSION = YES;
				CLANG_WARN_INFINITE_RECURSION = YES;
				CLANG_WARN_INT_CONVERSION = YES;
				CLANG_WARN_NON_LITERAL_NULL_CONVERSION = YES;
				CLANG_WARN_OBJC_IMPLICIT_RETAIN_SELF = YES;
				CLANG_WARN_OBJC_LITERAL_CONVERSION = YES;
				CLANG_WARN_OBJC_ROOT_CLASS = YES_ERROR;
				CLANG_WARN_QUOTED_INCLUDE_IN_FRAMEWORK_HEADER = YES;
				CLANG_WARN_RANGE_LOOP_ANALYSIS = YES;
				CLANG_WARN_STRICT_PROTOTYPES = YES;
				CLANG_WARN_SUSPICIOUS_MOVE = YES;
				CLANG_WARN_UNGUARDED_AVAILABILITY = YES_AGGRESSIVE;
				CLANG_WARN_UNREACHABLE_CODE = YES;
				CLANG_WARN__DUPLICATE_METHOD_MATCH = YES;
				COPY_PHASE_STRIP = NO;
				DEBUG_INFORMATION_FORMAT = "dwarf-with-dsym";
				ENABLE_NS_ASSERTIONS = NO;
				ENABLE_STRICT_OBJC_MSGSEND = YES;
				GCC_C_LANGUAGE_STANDARD = gnu11;
				GCC_NO_COMMON_BLOCKS = YES;
				GCC_WARN_64_TO_32_BIT_CONVERSION = YES;
				GCC_WARN_ABOUT_RETURN_TYPE = YES_ERROR;
				GCC_WARN_UNDECLARED_SELECTOR = YES;
				GCC_WARN_UNINITIALIZED_AUTOS = YES_AGGRESSIVE;
				GCC_WARN_UNUSED_FUNCTION = YES;
				GCC_WARN_UNUSED_VARIABLE = YES;
				IPHONEOS_DEPLOYMENT_TARGET = 16.4;
				MTL_ENABLE_DEBUG_INFO = NO;
				MTL_FAST_MATH = YES;
				SDKROOT = iphoneos;
				SWIFT_COMPILATION_MODE = wholemodule;
				SWIFT_OPTIMIZATION_LEVEL = "-O";
				VALIDATE_PRODUCT = YES;
			};
			name = Release;
		};
		361127802A4E562700C81B1D /* Debug */ = {
			isa = XCBuildConfiguration;
			buildSettings = {
				ASSETCATALOG_COMPILER_APPICON_NAME = AppIcon;
				ASSETCATALOG_COMPILER_GLOBAL_ACCENT_COLOR_NAME = AccentColor;
				CODE_SIGN_STYLE = Automatic;
				CURRENT_PROJECT_VERSION = 1;
				DEVELOPMENT_TEAM = 4AGMF2VPKF;
				GENERATE_INFOPLIST_FILE = YES;
				INFOPLIST_FILE = GymTimer/Info.plist;
				INFOPLIST_KEY_UIApplicationSupportsIndirectInputEvents = YES;
				INFOPLIST_KEY_UILaunchStoryboardName = LaunchScreen;
				INFOPLIST_KEY_UIMainStoryboardFile = Main;
				INFOPLIST_KEY_UISupportedInterfaceOrientations = UIInterfaceOrientationPortrait;
				INFOPLIST_KEY_UISupportedInterfaceOrientations_iPad = "UIInterfaceOrientationLandscapeLeft UIInterfaceOrientationLandscapeRight UIInterfaceOrientationPortrait UIInterfaceOrientationPortraitUpsideDown";
				IPHONEOS_DEPLOYMENT_TARGET = 12.0;
				LD_RUNPATH_SEARCH_PATHS = (
					"$(inherited)",
					"@executable_path/Frameworks",
				);
				MARKETING_VERSION = 1.0;
				PRODUCT_BUNDLE_IDENTIFIER = MeyerGymTimer;
				PRODUCT_NAME = "$(TARGET_NAME)";
				SUPPORTED_PLATFORMS = "iphoneos iphonesimulator";
				SUPPORTS_MACCATALYST = NO;
				SUPPORTS_MAC_DESIGNED_FOR_IPHONE_IPAD = NO;
				SWIFT_EMIT_LOC_STRINGS = YES;
				SWIFT_VERSION = 5.0;
				TARGETED_DEVICE_FAMILY = 1;
			};
			name = Debug;
		};
		361127812A4E562700C81B1D /* Release */ = {
			isa = XCBuildConfiguration;
			buildSettings = {
				ASSETCATALOG_COMPILER_APPICON_NAME = AppIcon;
				ASSETCATALOG_COMPILER_GLOBAL_ACCENT_COLOR_NAME = AccentColor;
				CODE_SIGN_STYLE = Automatic;
				CURRENT_PROJECT_VERSION = 1;
				DEVELOPMENT_TEAM = 4AGMF2VPKF;
				GENERATE_INFOPLIST_FILE = YES;
				INFOPLIST_FILE = GymTimer/Info.plist;
				INFOPLIST_KEY_UIApplicationSupportsIndirectInputEvents = YES;
				INFOPLIST_KEY_UILaunchStoryboardName = LaunchScreen;
				INFOPLIST_KEY_UIMainStoryboardFile = Main;
				INFOPLIST_KEY_UISupportedInterfaceOrientations = UIInterfaceOrientationPortrait;
				INFOPLIST_KEY_UISupportedInterfaceOrientations_iPad = "UIInterfaceOrientationLandscapeLeft UIInterfaceOrientationLandscapeRight UIInterfaceOrientationPortrait UIInterfaceOrientationPortraitUpsideDown";
				IPHONEOS_DEPLOYMENT_TARGET = 12.0;
				LD_RUNPATH_SEARCH_PATHS = (
					"$(inherited)",
					"@executable_path/Frameworks",
				);
				MARKETING_VERSION = 1.0;
				PRODUCT_BUNDLE_IDENTIFIER = MeyerGymTimer;
				PRODUCT_NAME = "$(TARGET_NAME)";
				SUPPORTED_PLATFORMS = "iphoneos iphonesimulator";
				SUPPORTS_MACCATALYST = NO;
				SUPPORTS_MAC_DESIGNED_FOR_IPHONE_IPAD = NO;
				SWIFT_EMIT_LOC_STRINGS = YES;
				SWIFT_VERSION = 5.0;
				TARGETED_DEVICE_FAMILY = 1;
			};
			name = Release;
		};
		361127832A4E562700C81B1D /* Debug */ = {
			isa = XCBuildConfiguration;
			buildSettings = {
				ALWAYS_EMBED_SWIFT_STANDARD_LIBRARIES = YES;
				BUNDLE_LOADER = "$(TEST_HOST)";
				CODE_SIGN_STYLE = Automatic;
				CURRENT_PROJECT_VERSION = 1;
				DEVELOPMENT_TEAM = NZT54R9366;
				GENERATE_INFOPLIST_FILE = YES;
				IPHONEOS_DEPLOYMENT_TARGET = 16.4;
				MARKETING_VERSION = 1.0;
				PRODUCT_BUNDLE_IDENTIFIER = GymTimer.GymTimerTests;
				PRODUCT_NAME = "$(TARGET_NAME)";
				SWIFT_EMIT_LOC_STRINGS = NO;
				SWIFT_VERSION = 5.0;
				TARGETED_DEVICE_FAMILY = "1,2";
				TEST_HOST = "$(BUILT_PRODUCTS_DIR)/GymTimer.app/$(BUNDLE_EXECUTABLE_FOLDER_PATH)/GymTimer";
			};
			name = Debug;
		};
		361127842A4E562700C81B1D /* Release */ = {
			isa = XCBuildConfiguration;
			buildSettings = {
				ALWAYS_EMBED_SWIFT_STANDARD_LIBRARIES = YES;
				BUNDLE_LOADER = "$(TEST_HOST)";
				CODE_SIGN_STYLE = Automatic;
				CURRENT_PROJECT_VERSION = 1;
				DEVELOPMENT_TEAM = NZT54R9366;
				GENERATE_INFOPLIST_FILE = YES;
				IPHONEOS_DEPLOYMENT_TARGET = 16.4;
				MARKETING_VERSION = 1.0;
				PRODUCT_BUNDLE_IDENTIFIER = GymTimer.GymTimerTests;
				PRODUCT_NAME = "$(TARGET_NAME)";
				SWIFT_EMIT_LOC_STRINGS = NO;
				SWIFT_VERSION = 5.0;
				TARGETED_DEVICE_FAMILY = "1,2";
				TEST_HOST = "$(BUILT_PRODUCTS_DIR)/GymTimer.app/$(BUNDLE_EXECUTABLE_FOLDER_PATH)/GymTimer";
			};
			name = Release;
		};
		361127862A4E562700C81B1D /* Debug */ = {
			isa = XCBuildConfiguration;
			buildSettings = {
				ALWAYS_EMBED_SWIFT_STANDARD_LIBRARIES = YES;
				CODE_SIGN_STYLE = Automatic;
				CURRENT_PROJECT_VERSION = 1;
				DEVELOPMENT_TEAM = NZT54R9366;
				GENERATE_INFOPLIST_FILE = YES;
				MARKETING_VERSION = 1.0;
				PRODUCT_BUNDLE_IDENTIFIER = GymTimer.GymTimerUITests;
				PRODUCT_NAME = "$(TARGET_NAME)";
				SWIFT_EMIT_LOC_STRINGS = NO;
				SWIFT_VERSION = 5.0;
				TARGETED_DEVICE_FAMILY = "1,2";
				TEST_TARGET_NAME = GymTimer;
			};
			name = Debug;
		};
		361127872A4E562700C81B1D /* Release */ = {
			isa = XCBuildConfiguration;
			buildSettings = {
				ALWAYS_EMBED_SWIFT_STANDARD_LIBRARIES = YES;
				CODE_SIGN_STYLE = Automatic;
				CURRENT_PROJECT_VERSION = 1;
				DEVELOPMENT_TEAM = NZT54R9366;
				GENERATE_INFOPLIST_FILE = YES;
				MARKETING_VERSION = 1.0;
				PRODUCT_BUNDLE_IDENTIFIER = GymTimer.GymTimerUITests;
				PRODUCT_NAME = "$(TARGET_NAME)";
				SWIFT_EMIT_LOC_STRINGS = NO;
				SWIFT_VERSION = 5.0;
				TARGETED_DEVICE_FAMILY = "1,2";
				TEST_TARGET_NAME = GymTimer;
			};
			name = Release;
		};
/* End XCBuildConfiguration section */

/* Begin XCConfigurationList section */
		361127502A4E562600C81B1D /* Build configuration list for PBXProject "GymTimer" */ = {
			isa = XCConfigurationList;
			buildConfigurations = (
				3611277D2A4E562700C81B1D /* Debug */,
				3611277E2A4E562700C81B1D /* Release */,
			);
			defaultConfigurationIsVisible = 0;
			defaultConfigurationName = Release;
		};
		3611277F2A4E562700C81B1D /* Build configuration list for PBXNativeTarget "GymTimer" */ = {
			isa = XCConfigurationList;
			buildConfigurations = (
				361127802A4E562700C81B1D /* Debug */,
				361127812A4E562700C81B1D /* Release */,
			);
			defaultConfigurationIsVisible = 0;
			defaultConfigurationName = Release;
		};
		361127822A4E562700C81B1D /* Build configuration list for PBXNativeTarget "GymTimerTests" */ = {
			isa = XCConfigurationList;
			buildConfigurations = (
				361127832A4E562700C81B1D /* Debug */,
				361127842A4E562700C81B1D /* Release */,
			);
			defaultConfigurationIsVisible = 0;
			defaultConfigurationName = Release;
		};
		361127852A4E562700C81B1D /* Build configuration list for PBXNativeTarget "GymTimerUITests" */ = {
			isa = XCConfigurationList;
			buildConfigurations = (
				361127862A4E562700C81B1D /* Debug */,
				361127872A4E562700C81B1D /* Release */,
			);
			defaultConfigurationIsVisible = 0;
			defaultConfigurationName = Release;
		};
/* End XCConfigurationList section */
	};
	rootObject = 3611274D2A4E562600C81B1D /* Project object */;
}
